// !$*UTF8*$!
{
	archiveVersion = 1;
	classes = {
	};
	objectVersion = 50;
	objects = {

/* Begin PBXBuildFile section */
		A54D8334223A4A0B0076BF10 /* AppDelegate.swift in Sources */ = {isa = PBXBuildFile; fileRef = A54D8333223A4A0B0076BF10 /* AppDelegate.swift */; };
		A54D833B223A4A0C0076BF10 /* Assets.xcassets in Resources */ = {isa = PBXBuildFile; fileRef = A54D833A223A4A0C0076BF10 /* Assets.xcassets */; };
		A54D833E223A4A0C0076BF10 /* LaunchScreen.storyboard in Resources */ = {isa = PBXBuildFile; fileRef = A54D833C223A4A0C0076BF10 /* LaunchScreen.storyboard */; };
		A54D8347223A4B090076BF10 /* WisdomRouterKit.swift in Sources */ = {isa = PBXBuildFile; fileRef = A54D8346223A4B090076BF10 /* WisdomRouterKit.swift */; };
		A54D835E223A4E200076BF10 /* WisdomRouterModel.swift in Sources */ = {isa = PBXBuildFile; fileRef = A54D835D223A4E200076BF10 /* WisdomRouterModel.swift */; };
		A54D8360223A571D0076BF10 /* OneViewController.swift in Sources */ = {isa = PBXBuildFile; fileRef = A54D835F223A571D0076BF10 /* OneViewController.swift */; };
		A54D8362223A76AD0076BF10 /* WisdomRouterParam.swift in Sources */ = {isa = PBXBuildFile; fileRef = A54D8361223A76AD0076BF10 /* WisdomRouterParam.swift */; };
		A54D8365223B72F30076BF10 /* TestModel.swift in Sources */ = {isa = PBXBuildFile; fileRef = A54D8364223B72F30076BF10 /* TestModel.swift */; };
		A54D8367223B7DF00076BF10 /* SecundTestModel.swift in Sources */ = {isa = PBXBuildFile; fileRef = A54D8366223B7DF00076BF10 /* SecundTestModel.swift */; };
		A54D8369223B9C7F0076BF10 /* WisdomRouterManager.swift in Sources */ = {isa = PBXBuildFile; fileRef = A54D8368223B9C7F0076BF10 /* WisdomRouterManager.swift */; };
		A56E05372241DB3400124526 /* FirstViewController.swift in Sources */ = {isa = PBXBuildFile; fileRef = A56E05352241DB3400124526 /* FirstViewController.swift */; };
		A56E05382241DB3400124526 /* FirstViewController.xib in Resources */ = {isa = PBXBuildFile; fileRef = A56E05362241DB3400124526 /* FirstViewController.xib */; };
		A56E053C224211B000124526 /* SecundViewController.swift in Sources */ = {isa = PBXBuildFile; fileRef = A56E053B224211B000124526 /* SecundViewController.swift */; };
		A56E053E224215D900124526 /* SecundThreeViewController.swift in Sources */ = {isa = PBXBuildFile; fileRef = A56E053D224215D900124526 /* SecundThreeViewController.swift */; };
		A56E054022423FC300124526 /* FiveViewController.swift in Sources */ = {isa = PBXBuildFile; fileRef = A56E053F22423FC300124526 /* FiveViewController.swift */; };
		A5B3B7C42248D5A8007B3207 /* EightViewController.swift in Sources */ = {isa = PBXBuildFile; fileRef = A5B3B7C32248D5A8007B3207 /* EightViewController.swift */; };
		A5E024DC2244818D00BE2C2B /* SixViewController.swift in Sources */ = {isa = PBXBuildFile; fileRef = A5E024DB2244818D00BE2C2B /* SixViewController.swift */; };
		A5E024DE2244AB0700BE2C2B /* WisdomRouterResult.swift in Sources */ = {isa = PBXBuildFile; fileRef = A5E024DD2244AB0700BE2C2B /* WisdomRouterResult.swift */; };
		A5E024E02244BBAF00BE2C2B /* SevenViewController.swift in Sources */ = {isa = PBXBuildFile; fileRef = A5E024DF2244BBAF00BE2C2B /* SevenViewController.swift */; };
		A5F65A33223BE1C100413D49 /* WisdomRouterRegister.swift in Sources */ = {isa = PBXBuildFile; fileRef = A5F65A32223BE1C100413D49 /* WisdomRouterRegister.swift */; };
		A5F65A37223CB08D00413D49 /* ThreeViewController.swift in Sources */ = {isa = PBXBuildFile; fileRef = A5F65A36223CB08D00413D49 /* ThreeViewController.swift */; };
		A5F65A39223CB0E300413D49 /* ThreeTestModel.swift in Sources */ = {isa = PBXBuildFile; fileRef = A5F65A38223CB0E300413D49 /* ThreeTestModel.swift */; };
		A5F65A3D223F48FD00413D49 /* FourViewController.swift in Sources */ = {isa = PBXBuildFile; fileRef = A5F65A3C223F48FD00413D49 /* FourViewController.swift */; };
		A5F65A3F223F4A8600413D49 /* WisdomRouterHander.swift in Sources */ = {isa = PBXBuildFile; fileRef = A5F65A3E223F4A8600413D49 /* WisdomRouterHander.swift */; };
/* End PBXBuildFile section */

/* Begin PBXFileReference section */
		A54D8330223A4A0B0076BF10 /* WisdomRouterKitDemo.app */ = {isa = PBXFileReference; explicitFileType = wrapper.application; includeInIndex = 0; path = WisdomRouterKitDemo.app; sourceTree = BUILT_PRODUCTS_DIR; };
		A54D8333223A4A0B0076BF10 /* AppDelegate.swift */ = {isa = PBXFileReference; lastKnownFileType = sourcecode.swift; path = AppDelegate.swift; sourceTree = "<group>"; };
		A54D833A223A4A0C0076BF10 /* Assets.xcassets */ = {isa = PBXFileReference; lastKnownFileType = folder.assetcatalog; path = Assets.xcassets; sourceTree = "<group>"; };
		A54D833D223A4A0C0076BF10 /* Base */ = {isa = PBXFileReference; lastKnownFileType = file.storyboard; name = Base; path = Base.lproj/LaunchScreen.storyboard; sourceTree = "<group>"; };
		A54D833F223A4A0C0076BF10 /* Info.plist */ = {isa = PBXFileReference; lastKnownFileType = text.plist.xml; path = Info.plist; sourceTree = "<group>"; };
		A54D8346223A4B090076BF10 /* WisdomRouterKit.swift */ = {isa = PBXFileReference; lastKnownFileType = sourcecode.swift; path = WisdomRouterKit.swift; sourceTree = "<group>"; };
		A54D835D223A4E200076BF10 /* WisdomRouterModel.swift */ = {isa = PBXFileReference; lastKnownFileType = sourcecode.swift; path = WisdomRouterModel.swift; sourceTree = "<group>"; };
		A54D835F223A571D0076BF10 /* OneViewController.swift */ = {isa = PBXFileReference; lastKnownFileType = sourcecode.swift; path = OneViewController.swift; sourceTree = "<group>"; };
		A54D8361223A76AD0076BF10 /* WisdomRouterParam.swift */ = {isa = PBXFileReference; lastKnownFileType = sourcecode.swift; path = WisdomRouterParam.swift; sourceTree = "<group>"; };
		A54D8364223B72F30076BF10 /* TestModel.swift */ = {isa = PBXFileReference; lastKnownFileType = sourcecode.swift; path = TestModel.swift; sourceTree = "<group>"; };
		A54D8366223B7DF00076BF10 /* SecundTestModel.swift */ = {isa = PBXFileReference; lastKnownFileType = sourcecode.swift; path = SecundTestModel.swift; sourceTree = "<group>"; };
		A54D8368223B9C7F0076BF10 /* WisdomRouterManager.swift */ = {isa = PBXFileReference; lastKnownFileType = sourcecode.swift; path = WisdomRouterManager.swift; sourceTree = "<group>"; };
		A56E05352241DB3400124526 /* FirstViewController.swift */ = {isa = PBXFileReference; lastKnownFileType = sourcecode.swift; path = FirstViewController.swift; sourceTree = "<group>"; };
		A56E05362241DB3400124526 /* FirstViewController.xib */ = {isa = PBXFileReference; lastKnownFileType = file.xib; path = FirstViewController.xib; sourceTree = "<group>"; };
		A56E053B224211B000124526 /* SecundViewController.swift */ = {isa = PBXFileReference; lastKnownFileType = sourcecode.swift; path = SecundViewController.swift; sourceTree = "<group>"; };
		A56E053D224215D900124526 /* SecundThreeViewController.swift */ = {isa = PBXFileReference; lastKnownFileType = sourcecode.swift; path = SecundThreeViewController.swift; sourceTree = "<group>"; };
		A56E053F22423FC300124526 /* FiveViewController.swift */ = {isa = PBXFileReference; lastKnownFileType = sourcecode.swift; path = FiveViewController.swift; sourceTree = "<group>"; };
		A5B3B7C32248D5A8007B3207 /* EightViewController.swift */ = {isa = PBXFileReference; lastKnownFileType = sourcecode.swift; path = EightViewController.swift; sourceTree = "<group>"; };
		A5E024DB2244818D00BE2C2B /* SixViewController.swift */ = {isa = PBXFileReference; lastKnownFileType = sourcecode.swift; path = SixViewController.swift; sourceTree = "<group>"; };
		A5E024DD2244AB0700BE2C2B /* WisdomRouterResult.swift */ = {isa = PBXFileReference; lastKnownFileType = sourcecode.swift; path = WisdomRouterResult.swift; sourceTree = "<group>"; };
		A5E024DF2244BBAF00BE2C2B /* SevenViewController.swift */ = {isa = PBXFileReference; lastKnownFileType = sourcecode.swift; path = SevenViewController.swift; sourceTree = "<group>"; };
		A5F65A32223BE1C100413D49 /* WisdomRouterRegister.swift */ = {isa = PBXFileReference; lastKnownFileType = sourcecode.swift; path = WisdomRouterRegister.swift; sourceTree = "<group>"; };
		A5F65A36223CB08D00413D49 /* ThreeViewController.swift */ = {isa = PBXFileReference; lastKnownFileType = sourcecode.swift; path = ThreeViewController.swift; sourceTree = "<group>"; };
		A5F65A38223CB0E300413D49 /* ThreeTestModel.swift */ = {isa = PBXFileReference; lastKnownFileType = sourcecode.swift; path = ThreeTestModel.swift; sourceTree = "<group>"; };
		A5F65A3C223F48FD00413D49 /* FourViewController.swift */ = {isa = PBXFileReference; lastKnownFileType = sourcecode.swift; path = FourViewController.swift; sourceTree = "<group>"; };
		A5F65A3E223F4A8600413D49 /* WisdomRouterHander.swift */ = {isa = PBXFileReference; lastKnownFileType = sourcecode.swift; path = WisdomRouterHander.swift; sourceTree = "<group>"; };
/* End PBXFileReference section */

/* Begin PBXFrameworksBuildPhase section */
		A54D832D223A4A0B0076BF10 /* Frameworks */ = {
			isa = PBXFrameworksBuildPhase;
			buildActionMask = 2147483647;
			files = (
			);
			runOnlyForDeploymentPostprocessing = 0;
		};
/* End PBXFrameworksBuildPhase section */

/* Begin PBXGroup section */
		A54D8327223A4A0B0076BF10 = {
			isa = PBXGroup;
			children = (
				A54D8332223A4A0B0076BF10 /* WisdomRouterKitDemo */,
				A54D8331223A4A0B0076BF10 /* Products */,
			);
			sourceTree = "<group>";
		};
		A54D8331223A4A0B0076BF10 /* Products */ = {
			isa = PBXGroup;
			children = (
				A54D8330223A4A0B0076BF10 /* WisdomRouterKitDemo.app */,
			);
			name = Products;
			sourceTree = "<group>";
		};
		A54D8332223A4A0B0076BF10 /* WisdomRouterKitDemo */ = {
			isa = PBXGroup;
			children = (
				A54D8345223A4ADF0076BF10 /* WisdomRouterKit */,
				A54D8333223A4A0B0076BF10 /* AppDelegate.swift */,
				A56E05352241DB3400124526 /* FirstViewController.swift */,
				A56E05362241DB3400124526 /* FirstViewController.xib */,
				A54D835F223A571D0076BF10 /* OneViewController.swift */,
				A56E053B224211B000124526 /* SecundViewController.swift */,
				A56E053D224215D900124526 /* SecundThreeViewController.swift */,
				A5F65A36223CB08D00413D49 /* ThreeViewController.swift */,
				A5F65A3C223F48FD00413D49 /* FourViewController.swift */,
				A56E053F22423FC300124526 /* FiveViewController.swift */,
				A5E024DB2244818D00BE2C2B /* SixViewController.swift */,
				A5E024DF2244BBAF00BE2C2B /* SevenViewController.swift */,
				A5B3B7C32248D5A8007B3207 /* EightViewController.swift */,
				A54D8364223B72F30076BF10 /* TestModel.swift */,
				A54D8366223B7DF00076BF10 /* SecundTestModel.swift */,
				A5F65A38223CB0E300413D49 /* ThreeTestModel.swift */,
				A54D833A223A4A0C0076BF10 /* Assets.xcassets */,
				A54D833C223A4A0C0076BF10 /* LaunchScreen.storyboard */,
				A54D833F223A4A0C0076BF10 /* Info.plist */,
			);
			path = WisdomRouterKitDemo;
			sourceTree = "<group>";
		};
		A54D8345223A4ADF0076BF10 /* WisdomRouterKit */ = {
			isa = PBXGroup;
			children = (
				A54D8346223A4B090076BF10 /* WisdomRouterKit.swift */,
				A54D8368223B9C7F0076BF10 /* WisdomRouterManager.swift */,
				A54D8361223A76AD0076BF10 /* WisdomRouterParam.swift */,
				A5F65A3E223F4A8600413D49 /* WisdomRouterHander.swift */,
				A5F65A32223BE1C100413D49 /* WisdomRouterRegister.swift */,
				A54D835D223A4E200076BF10 /* WisdomRouterModel.swift */,
				A5E024DD2244AB0700BE2C2B /* WisdomRouterResult.swift */,
			);
			path = WisdomRouterKit;
			sourceTree = "<group>";
		};
/* End PBXGroup section */

/* Begin PBXNativeTarget section */
		A54D832F223A4A0B0076BF10 /* WisdomRouterKitDemo */ = {
			isa = PBXNativeTarget;
			buildConfigurationList = A54D8342223A4A0C0076BF10 /* Build configuration list for PBXNativeTarget "WisdomRouterKitDemo" */;
			buildPhases = (
				A54D832C223A4A0B0076BF10 /* Sources */,
				A54D832D223A4A0B0076BF10 /* Frameworks */,
				A54D832E223A4A0B0076BF10 /* Resources */,
			);
			buildRules = (
			);
			dependencies = (
			);
			name = WisdomRouterKitDemo;
			productName = WisdomRouterKitDemo;
			productReference = A54D8330223A4A0B0076BF10 /* WisdomRouterKitDemo.app */;
			productType = "com.apple.product-type.application";
		};
/* End PBXNativeTarget section */

/* Begin PBXProject section */
		A54D8328223A4A0B0076BF10 /* Project object */ = {
			isa = PBXProject;
			attributes = {
				LastSwiftUpdateCheck = 1010;
				LastUpgradeCheck = 1010;
				ORGANIZATIONNAME = "All over the sky star";
				TargetAttributes = {
					A54D832F223A4A0B0076BF10 = {
						CreatedOnToolsVersion = 10.1;
					};
				};
			};
			buildConfigurationList = A54D832B223A4A0B0076BF10 /* Build configuration list for PBXProject "WisdomRouterKitDemo" */;
			compatibilityVersion = "Xcode 9.3";
			developmentRegion = en;
			hasScannedForEncodings = 0;
			knownRegions = (
				en,
				Base,
			);
			mainGroup = A54D8327223A4A0B0076BF10;
			productRefGroup = A54D8331223A4A0B0076BF10 /* Products */;
			projectDirPath = "";
			projectRoot = "";
			targets = (
				A54D832F223A4A0B0076BF10 /* WisdomRouterKitDemo */,
			);
		};
/* End PBXProject section */

/* Begin PBXResourcesBuildPhase section */
		A54D832E223A4A0B0076BF10 /* Resources */ = {
			isa = PBXResourcesBuildPhase;
			buildActionMask = 2147483647;
			files = (
				A54D833E223A4A0C0076BF10 /* LaunchScreen.storyboard in Resources */,
				A54D833B223A4A0C0076BF10 /* Assets.xcassets in Resources */,
				A56E05382241DB3400124526 /* FirstViewController.xib in Resources */,
			);
			runOnlyForDeploymentPostprocessing = 0;
		};
/* End PBXResourcesBuildPhase section */

/* Begin PBXSourcesBuildPhase section */
		A54D832C223A4A0B0076BF10 /* Sources */ = {
			isa = PBXSourcesBuildPhase;
			buildActionMask = 2147483647;
			files = (
				A56E053C224211B000124526 /* SecundViewController.swift in Sources */,
				A54D8369223B9C7F0076BF10 /* WisdomRouterManager.swift in Sources */,
				A5E024DC2244818D00BE2C2B /* SixViewController.swift in Sources */,
				A5F65A3D223F48FD00413D49 /* FourViewController.swift in Sources */,
				A54D8347223A4B090076BF10 /* WisdomRouterKit.swift in Sources */,
				A54D8362223A76AD0076BF10 /* WisdomRouterParam.swift in Sources */,
				A5F65A37223CB08D00413D49 /* ThreeViewController.swift in Sources */,
				A56E053E224215D900124526 /* SecundThreeViewController.swift in Sources */,
				A5E024E02244BBAF00BE2C2B /* SevenViewController.swift in Sources */,
				A5B3B7C42248D5A8007B3207 /* EightViewController.swift in Sources */,
				A5E024DE2244AB0700BE2C2B /* WisdomRouterResult.swift in Sources */,
				A5F65A39223CB0E300413D49 /* ThreeTestModel.swift in Sources */,
				A5F65A3F223F4A8600413D49 /* WisdomRouterHander.swift in Sources */,
				A5F65A33223BE1C100413D49 /* WisdomRouterRegister.swift in Sources */,
				A54D8367223B7DF00076BF10 /* SecundTestModel.swift in Sources */,
				A56E05372241DB3400124526 /* FirstViewController.swift in Sources */,
				A54D8365223B72F30076BF10 /* TestModel.swift in Sources */,
				A54D8334223A4A0B0076BF10 /* AppDelegate.swift in Sources */,
				A54D835E223A4E200076BF10 /* WisdomRouterModel.swift in Sources */,
				A56E054022423FC300124526 /* FiveViewController.swift in Sources */,
				A54D8360223A571D0076BF10 /* OneViewController.swift in Sources */,
			);
			runOnlyForDeploymentPostprocessing = 0;
		};
/* End PBXSourcesBuildPhase section */

/* Begin PBXVariantGroup section */
		A54D833C223A4A0C0076BF10 /* LaunchScreen.storyboard */ = {
			isa = PBXVariantGroup;
			children = (
				A54D833D223A4A0C0076BF10 /* Base */,
			);
			name = LaunchScreen.storyboard;
			sourceTree = "<group>";
		};
/* End PBXVariantGroup section */

/* Begin XCBuildConfiguration section */
		A54D8340223A4A0C0076BF10 /* Debug */ = {
			isa = XCBuildConfiguration;
			buildSettings = {
				ALWAYS_SEARCH_USER_PATHS = NO;
				CLANG_ANALYZER_NONNULL = YES;
				CLANG_ANALYZER_NUMBER_OBJECT_CONVERSION = YES_AGGRESSIVE;
				CLANG_CXX_LANGUAGE_STANDARD = "gnu++14";
				CLANG_CXX_LIBRARY = "libc++";
				CLANG_ENABLE_MODULES = YES;
				CLANG_ENABLE_OBJC_ARC = YES;
				CLANG_ENABLE_OBJC_WEAK = YES;
				CLANG_WARN_BLOCK_CAPTURE_AUTORELEASING = YES;
				CLANG_WARN_BOOL_CONVERSION = YES;
				CLANG_WARN_COMMA = YES;
				CLANG_WARN_CONSTANT_CONVERSION = YES;
				CLANG_WARN_DEPRECATED_OBJC_IMPLEMENTATIONS = YES;
				CLANG_WARN_DIRECT_OBJC_ISA_USAGE = YES_ERROR;
				CLANG_WARN_DOCUMENTATION_COMMENTS = YES;
				CLANG_WARN_EMPTY_BODY = YES;
				CLANG_WARN_ENUM_CONVERSION = YES;
				CLANG_WARN_INFINITE_RECURSION = YES;
				CLANG_WARN_INT_CONVERSION = YES;
				CLANG_WARN_NON_LITERAL_NULL_CONVERSION = YES;
				CLANG_WARN_OBJC_IMPLICIT_RETAIN_SELF = YES;
				CLANG_WARN_OBJC_LITERAL_CONVERSION = YES;
				CLANG_WARN_OBJC_ROOT_CLASS = YES_ERROR;
				CLANG_WARN_RANGE_LOOP_ANALYSIS = YES;
				CLANG_WARN_STRICT_PROTOTYPES = YES;
				CLANG_WARN_SUSPICIOUS_MOVE = YES;
				CLANG_WARN_UNGUARDED_AVAILABILITY = YES_AGGRESSIVE;
				CLANG_WARN_UNREACHABLE_CODE = YES;
				CLANG_WARN__DUPLICATE_METHOD_MATCH = YES;
				CODE_SIGN_IDENTITY = "iPhone Developer";
				COPY_PHASE_STRIP = NO;
				DEBUG_INFORMATION_FORMAT = dwarf;
				ENABLE_STRICT_OBJC_MSGSEND = YES;
				ENABLE_TESTABILITY = YES;
				GCC_C_LANGUAGE_STANDARD = gnu11;
				GCC_DYNAMIC_NO_PIC = NO;
				GCC_NO_COMMON_BLOCKS = YES;
				GCC_OPTIMIZATION_LEVEL = 0;
				GCC_PREPROCESSOR_DEFINITIONS = (
					"DEBUG=1",
					"$(inherited)",
				);
				GCC_WARN_64_TO_32_BIT_CONVERSION = YES;
				GCC_WARN_ABOUT_RETURN_TYPE = YES_ERROR;
				GCC_WARN_UNDECLARED_SELECTOR = YES;
				GCC_WARN_UNINITIALIZED_AUTOS = YES_AGGRESSIVE;
				GCC_WARN_UNUSED_FUNCTION = YES;
				GCC_WARN_UNUSED_VARIABLE = YES;
				IPHONEOS_DEPLOYMENT_TARGET = 12.1;
				MTL_ENABLE_DEBUG_INFO = INCLUDE_SOURCE;
				MTL_FAST_MATH = YES;
				ONLY_ACTIVE_ARCH = YES;
				SDKROOT = iphoneos;
				SWIFT_ACTIVE_COMPILATION_CONDITIONS = DEBUG;
				SWIFT_OPTIMIZATION_LEVEL = "-Onone";
			};
			name = Debug;
		};
		A54D8341223A4A0C0076BF10 /* Release */ = {
			isa = XCBuildConfiguration;
			buildSettings = {
				ALWAYS_SEARCH_USER_PATHS = NO;
				CLANG_ANALYZER_NONNULL = YES;
				CLANG_ANALYZER_NUMBER_OBJECT_CONVERSION = YES_AGGRESSIVE;
				CLANG_CXX_LANGUAGE_STANDARD = "gnu++14";
				CLANG_CXX_LIBRARY = "libc++";
				CLANG_ENABLE_MODULES = YES;
				CLANG_ENABLE_OBJC_ARC = YES;
				CLANG_ENABLE_OBJC_WEAK = YES;
				CLANG_WARN_BLOCK_CAPTURE_AUTORELEASING = YES;
				CLANG_WARN_BOOL_CONVERSION = YES;
				CLANG_WARN_COMMA = YES;
				CLANG_WARN_CONSTANT_CONVERSION = YES;
				CLANG_WARN_DEPRECATED_OBJC_IMPLEMENTATIONS = YES;
				CLANG_WARN_DIRECT_OBJC_ISA_USAGE = YES_ERROR;
				CLANG_WARN_DOCUMENTATION_COMMENTS = YES;
				CLANG_WARN_EMPTY_BODY = YES;
				CLANG_WARN_ENUM_CONVERSION = YES;
				CLANG_WARN_INFINITE_RECURSION = YES;
				CLANG_WARN_INT_CONVERSION = YES;
				CLANG_WARN_NON_LITERAL_NULL_CONVERSION = YES;
				CLANG_WARN_OBJC_IMPLICIT_RETAIN_SELF = YES;
				CLANG_WARN_OBJC_LITERAL_CONVERSION = YES;
				CLANG_WARN_OBJC_ROOT_CLASS = YES_ERROR;
				CLANG_WARN_RANGE_LOOP_ANALYSIS = YES;
				CLANG_WARN_STRICT_PROTOTYPES = YES;
				CLANG_WARN_SUSPICIOUS_MOVE = YES;
				CLANG_WARN_UNGUARDED_AVAILABILITY = YES_AGGRESSIVE;
				CLANG_WARN_UNREACHABLE_CODE = YES;
				CLANG_WARN__DUPLICATE_METHOD_MATCH = YES;
				CODE_SIGN_IDENTITY = "iPhone Developer";
				COPY_PHASE_STRIP = NO;
				DEBUG_INFORMATION_FORMAT = "dwarf-with-dsym";
				ENABLE_NS_ASSERTIONS = NO;
				ENABLE_STRICT_OBJC_MSGSEND = YES;
				GCC_C_LANGUAGE_STANDARD = gnu11;
				GCC_NO_COMMON_BLOCKS = YES;
				GCC_WARN_64_TO_32_BIT_CONVERSION = YES;
				GCC_WARN_ABOUT_RETURN_TYPE = YES_ERROR;
				GCC_WARN_UNDECLARED_SELECTOR = YES;
				GCC_WARN_UNINITIALIZED_AUTOS = YES_AGGRESSIVE;
				GCC_WARN_UNUSED_FUNCTION = YES;
				GCC_WARN_UNUSED_VARIABLE = YES;
				IPHONEOS_DEPLOYMENT_TARGET = 12.1;
				MTL_ENABLE_DEBUG_INFO = NO;
				MTL_FAST_MATH = YES;
				SDKROOT = iphoneos;
				SWIFT_COMPILATION_MODE = wholemodule;
				SWIFT_OPTIMIZATION_LEVEL = "-O";
				VALIDATE_PRODUCT = YES;
			};
			name = Release;
		};
		A54D8343223A4A0C0076BF10 /* Debug */ = {
			isa = XCBuildConfiguration;
			buildSettings = {
				ASSETCATALOG_COMPILER_APPICON_NAME = AppIcon;
				CODE_SIGN_STYLE = Automatic;
				INFOPLIST_FILE = WisdomRouterKitDemo/Info.plist;
				IPHONEOS_DEPLOYMENT_TARGET = 9.0;
				LD_RUNPATH_SEARCH_PATHS = (
					"$(inherited)",
					"@executable_path/Frameworks",
				);
				PRODUCT_BUNDLE_IDENTIFIER = "All-over-the-sky-star.WisdomRouterKitDemo";
				PRODUCT_NAME = "$(TARGET_NAME)";
				SWIFT_VERSION = 4.2;
				TARGETED_DEVICE_FAMILY = "1,2";
			};
			name = Debug;
		};
		A54D8344223A4A0C0076BF10 /* Release */ = {
			isa = XCBuildConfiguration;
			buildSettings = {
				ASSETCATALOG_COMPILER_APPICON_NAME = AppIcon;
				CODE_SIGN_STYLE = Automatic;
				INFOPLIST_FILE = WisdomRouterKitDemo/Info.plist;
				IPHONEOS_DEPLOYMENT_TARGET = 9.0;
				LD_RUNPATH_SEARCH_PATHS = (
					"$(inherited)",
					"@executable_path/Frameworks",
				);
				PRODUCT_BUNDLE_IDENTIFIER = "All-over-the-sky-star.WisdomRouterKitDemo";
				PRODUCT_NAME = "$(TARGET_NAME)";
				SWIFT_VERSION = 4.2;
				TARGETED_DEVICE_FAMILY = "1,2";
			};
			name = Release;
		};
/* End XCBuildConfiguration section */

/* Begin XCConfigurationList section */
		A54D832B223A4A0B0076BF10 /* Build configuration list for PBXProject "WisdomRouterKitDemo" */ = {
			isa = XCConfigurationList;
			buildConfigurations = (
				A54D8340223A4A0C0076BF10 /* Debug */,
				A54D8341223A4A0C0076BF10 /* Release */,
			);
			defaultConfigurationIsVisible = 0;
			defaultConfigurationName = Release;
		};
		A54D8342223A4A0C0076BF10 /* Build configuration list for PBXNativeTarget "WisdomRouterKitDemo" */ = {
			isa = XCConfigurationList;
			buildConfigurations = (
				A54D8343223A4A0C0076BF10 /* Debug */,
				A54D8344223A4A0C0076BF10 /* Release */,
			);
			defaultConfigurationIsVisible = 0;
			defaultConfigurationName = Release;
		};
/* End XCConfigurationList section */
	};
	rootObject = A54D8328223A4A0B0076BF10 /* Project object */;
}
